// !$*UTF8*$!
{
	archiveVersion = 1;
	classes = {
	};
	objectVersion = 50;
	objects = {

/* Begin PBXBuildFile section */
		51430BC321E113DA00663D54 /* mpl_matrix.c in Sources */ = {isa = PBXBuildFile; fileRef = 51430BC221E113DA00663D54 /* mpl_matrix.c */; };
		51430BC621E1149000663D54 /* mpl_charinfo.c in Sources */ = {isa = PBXBuildFile; fileRef = 51430BC521E1149000663D54 /* mpl_charinfo.c */; };
		5165A15121DA7DB900A693D6 /* mpl_newick_rdr.c in Sources */ = {isa = PBXBuildFile; fileRef = 5165A15021DA7DB900A693D6 /* mpl_newick_rdr.c */; };
		5165A15421DA865400A693D6 /* testmplnwkreader.c in Sources */ = {isa = PBXBuildFile; fileRef = 5165A15321DA865400A693D6 /* testmplnwkreader.c */; };
		516A0CE921DA6D3900B58DB8 /* testmpltopol.c in Sources */ = {isa = PBXBuildFile; fileRef = 516A0CE821DA6D3900B58DB8 /* testmpltopol.c */; };
		516A0CEE21DA74BE00B58DB8 /* libncl.a in Frameworks */ = {isa = PBXBuildFile; fileRef = 516A0CED21DA74BE00B58DB8 /* libncl.a */; settings = {ATTRIBUTES = (Weak, ); }; };
		517CC83921D96840007D37C0 /* mpl_handle.c in Sources */ = {isa = PBXBuildFile; fileRef = 517CC83821D96840007D37C0 /* mpl_handle.c */; };
		518C8F7D21D777BA00005610 /* main.c in Sources */ = {isa = PBXBuildFile; fileRef = 518C8F7C21D777BA00005610 /* main.c */; };
		518C8F8521D777EC00005610 /* mpl_node.c in Sources */ = {isa = PBXBuildFile; fileRef = 518C8F8421D777EC00005610 /* mpl_node.c */; };
		518C8F8821D777FB00005610 /* mpl_tree.c in Sources */ = {isa = PBXBuildFile; fileRef = 518C8F8721D777FB00005610 /* mpl_tree.c */; };
		518C8F8B21D77BC600005610 /* mpl_utils.c in Sources */ = {isa = PBXBuildFile; fileRef = 518C8F8A21D77BC600005610 /* mpl_utils.c */; };
		518C8F8E21D7882D00005610 /* mpl_topol.c in Sources */ = {isa = PBXBuildFile; fileRef = 518C8F8D21D7882D00005610 /* mpl_topol.c */; };
		518C8F9821D7D1DE00005610 /* testmplnode.c in Sources */ = {isa = PBXBuildFile; fileRef = 518C8F9721D7D1DE00005610 /* testmplnode.c */; };
		518C8F9B21D8049300005610 /* testmpltree.c in Sources */ = {isa = PBXBuildFile; fileRef = 518C8F9A21D8049300005610 /* testmpltree.c */; };
		51A6B7FB21D8ED610086CE68 /* mpl_taxoninfo.c in Sources */ = {isa = PBXBuildFile; fileRef = 51A6B7FA21D8ED610086CE68 /* mpl_taxoninfo.c */; };
		51A6B7FE21D8EEBF0086CE68 /* mpl_taxblock.c in Sources */ = {isa = PBXBuildFile; fileRef = 51A6B7FD21D8EEBF0086CE68 /* mpl_taxblock.c */; };
		51A6B80221D8F6D50086CE68 /* mpl_results.c in Sources */ = {isa = PBXBuildFile; fileRef = 51A6B80121D8F6D50086CE68 /* mpl_results.c */; };
		51A6B80621D900110086CE68 /* mpl_search.c in Sources */ = {isa = PBXBuildFile; fileRef = 51A6B80521D900110086CE68 /* mpl_search.c */; };
		51A6B80E21D90BDD0086CE68 /* AppDelegate.swift in Sources */ = {isa = PBXBuildFile; fileRef = 51A6B80D21D90BDD0086CE68 /* AppDelegate.swift */; };
		51A6B81021D90BDD0086CE68 /* ViewController.swift in Sources */ = {isa = PBXBuildFile; fileRef = 51A6B80F21D90BDD0086CE68 /* ViewController.swift */; };
		51A6B81221D90BDF0086CE68 /* Assets.xcassets in Resources */ = {isa = PBXBuildFile; fileRef = 51A6B81121D90BDF0086CE68 /* Assets.xcassets */; };
		51A6B81521D90BDF0086CE68 /* Main.storyboard in Resources */ = {isa = PBXBuildFile; fileRef = 51A6B81321D90BDF0086CE68 /* Main.storyboard */; };
		51A6B82121D90BDF0086CE68 /* Morphy_GUITests.swift in Sources */ = {isa = PBXBuildFile; fileRef = 51A6B82021D90BDF0086CE68 /* Morphy_GUITests.swift */; };
		51A6B82C21D90BDF0086CE68 /* Morphy_GUIUITests.swift in Sources */ = {isa = PBXBuildFile; fileRef = 51A6B82B21D90BDF0086CE68 /* Morphy_GUIUITests.swift */; };
		51C5FC6721E0E227004B782F /* testmplutils.c in Sources */ = {isa = PBXBuildFile; fileRef = 51C5FC6621E0E227004B782F /* testmplutils.c */; };
		51C5FC6A21E103C6004B782F /* testutils.c in Sources */ = {isa = PBXBuildFile; fileRef = 51C5FC6921E103C6004B782F /* testutils.c */; };
		51F765E321DE21BF00CB29C2 /* testtaxblock.c in Sources */ = {isa = PBXBuildFile; fileRef = 51F765E221DE21BF00CB29C2 /* testtaxblock.c */; };
		51F765E421DE23EF00CB29C2 /* testio.cpp in Sources */ = {isa = PBXBuildFile; fileRef = 516A0CCF21DA602600B58DB8 /* testio.cpp */; };
		51F765E521DE422D00CB29C2 /* MorphyIO.cpp in Sources */ = {isa = PBXBuildFile; fileRef = 51A6B83821D92FD50086CE68 /* MorphyIO.cpp */; };
/* End PBXBuildFile section */

/* Begin PBXContainerItemProxy section */
		51A6B81D21D90BDF0086CE68 /* PBXContainerItemProxy */ = {
			isa = PBXContainerItemProxy;
			containerPortal = 518C8F7121D777BA00005610 /* Project object */;
			proxyType = 1;
			remoteGlobalIDString = 51A6B80A21D90BDD0086CE68;
			remoteInfo = "Morphy GUI";
		};
		51A6B82821D90BDF0086CE68 /* PBXContainerItemProxy */ = {
			isa = PBXContainerItemProxy;
			containerPortal = 518C8F7121D777BA00005610 /* Project object */;
			proxyType = 1;
			remoteGlobalIDString = 51A6B80A21D90BDD0086CE68;
			remoteInfo = "Morphy GUI";
		};
/* End PBXContainerItemProxy section */

/* Begin PBXCopyFilesBuildPhase section */
		518C8F7721D777BA00005610 /* CopyFiles */ = {
			isa = PBXCopyFilesBuildPhase;
			buildActionMask = 2147483647;
			dstPath = /usr/share/man/man1/;
			dstSubfolderSpec = 0;
			files = (
			);
			runOnlyForDeploymentPostprocessing = 1;
		};
/* End PBXCopyFilesBuildPhase section */

/* Begin PBXFileReference section */
		51430BC121E113DA00663D54 /* mpl_matrix.h */ = {isa = PBXFileReference; lastKnownFileType = sourcecode.c.h; path = mpl_matrix.h; sourceTree = "<group>"; };
		51430BC221E113DA00663D54 /* mpl_matrix.c */ = {isa = PBXFileReference; lastKnownFileType = sourcecode.c.c; path = mpl_matrix.c; sourceTree = "<group>"; };
		51430BC421E1149000663D54 /* mpl_charinfo.h */ = {isa = PBXFileReference; lastKnownFileType = sourcecode.c.h; path = mpl_charinfo.h; sourceTree = "<group>"; };
		51430BC521E1149000663D54 /* mpl_charinfo.c */ = {isa = PBXFileReference; lastKnownFileType = sourcecode.c.c; path = mpl_charinfo.c; sourceTree = "<group>"; };
		5165A14F21DA7DB900A693D6 /* mpl_newick_rdr.h */ = {isa = PBXFileReference; lastKnownFileType = sourcecode.c.h; path = mpl_newick_rdr.h; sourceTree = "<group>"; };
		5165A15021DA7DB900A693D6 /* mpl_newick_rdr.c */ = {isa = PBXFileReference; lastKnownFileType = sourcecode.c.c; path = mpl_newick_rdr.c; sourceTree = "<group>"; };
		5165A15221DA865400A693D6 /* testmplnwkreader.h */ = {isa = PBXFileReference; lastKnownFileType = sourcecode.c.h; path = testmplnwkreader.h; sourceTree = "<group>"; };
		5165A15321DA865400A693D6 /* testmplnwkreader.c */ = {isa = PBXFileReference; lastKnownFileType = sourcecode.c.c; path = testmplnwkreader.c; sourceTree = "<group>"; };
		516A0CCF21DA602600B58DB8 /* testio.cpp */ = {isa = PBXFileReference; lastKnownFileType = sourcecode.cpp.cpp; path = testio.cpp; sourceTree = "<group>"; };
		516A0CD021DA602600B58DB8 /* testio.h */ = {isa = PBXFileReference; lastKnownFileType = sourcecode.c.h; path = testio.h; sourceTree = "<group>"; };
		516A0CE721DA6D3900B58DB8 /* testmpltopol.h */ = {isa = PBXFileReference; lastKnownFileType = sourcecode.c.h; path = testmpltopol.h; sourceTree = "<group>"; };
		516A0CE821DA6D3900B58DB8 /* testmpltopol.c */ = {isa = PBXFileReference; lastKnownFileType = sourcecode.c.c; path = testmpltopol.c; sourceTree = "<group>"; };
		516A0CED21DA74BE00B58DB8 /* libncl.a */ = {isa = PBXFileReference; lastKnownFileType = archive.ar; name = libncl.a; path = ../../../../usr/local/lib/ncl/libncl.a; sourceTree = "<group>"; };
		517CC83721D96840007D37C0 /* mpl_handle.h */ = {isa = PBXFileReference; lastKnownFileType = sourcecode.c.h; path = mpl_handle.h; sourceTree = "<group>"; };
		517CC83821D96840007D37C0 /* mpl_handle.c */ = {isa = PBXFileReference; lastKnownFileType = sourcecode.c.c; path = mpl_handle.c; sourceTree = "<group>"; };
		517CC83D21DA31D2007D37C0 /* libncl.a */ = {isa = PBXFileReference; lastKnownFileType = archive.ar; name = libncl.a; path = ../morphyproject/install/lib/ncl/libncl.a; sourceTree = "<group>"; };
		518C8F7921D777BA00005610 /* Morphy */ = {isa = PBXFileReference; explicitFileType = "compiled.mach-o.executable"; includeInIndex = 0; path = Morphy; sourceTree = BUILT_PRODUCTS_DIR; };
		518C8F7C21D777BA00005610 /* main.c */ = {isa = PBXFileReference; lastKnownFileType = sourcecode.c.c; path = main.c; sourceTree = "<group>"; };
		518C8F8321D777EC00005610 /* mpl_node.h */ = {isa = PBXFileReference; lastKnownFileType = sourcecode.c.h; path = mpl_node.h; sourceTree = "<group>"; };
		518C8F8421D777EC00005610 /* mpl_node.c */ = {isa = PBXFileReference; lastKnownFileType = sourcecode.c.c; path = mpl_node.c; sourceTree = "<group>"; };
		518C8F8621D777FB00005610 /* mpl_tree.h */ = {isa = PBXFileReference; lastKnownFileType = sourcecode.c.h; path = mpl_tree.h; sourceTree = "<group>"; };
		518C8F8721D777FB00005610 /* mpl_tree.c */ = {isa = PBXFileReference; lastKnownFileType = sourcecode.c.c; path = mpl_tree.c; sourceTree = "<group>"; };
		518C8F8921D77BC600005610 /* mpl_utils.h */ = {isa = PBXFileReference; lastKnownFileType = sourcecode.c.h; path = mpl_utils.h; sourceTree = "<group>"; };
		518C8F8A21D77BC600005610 /* mpl_utils.c */ = {isa = PBXFileReference; lastKnownFileType = sourcecode.c.c; path = mpl_utils.c; sourceTree = "<group>"; };
		518C8F8C21D7882D00005610 /* mpl_topol.h */ = {isa = PBXFileReference; lastKnownFileType = sourcecode.c.h; path = mpl_topol.h; sourceTree = "<group>"; };
		518C8F8D21D7882D00005610 /* mpl_topol.c */ = {isa = PBXFileReference; lastKnownFileType = sourcecode.c.c; path = mpl_topol.c; sourceTree = "<group>"; };
		518C8F9521D7CF0900005610 /* mpltest.h */ = {isa = PBXFileReference; lastKnownFileType = sourcecode.c.h; path = mpltest.h; sourceTree = "<group>"; };
		518C8F9621D7D1DE00005610 /* testmplnode.h */ = {isa = PBXFileReference; lastKnownFileType = sourcecode.c.h; path = testmplnode.h; sourceTree = "<group>"; };
		518C8F9721D7D1DE00005610 /* testmplnode.c */ = {isa = PBXFileReference; lastKnownFileType = sourcecode.c.c; path = testmplnode.c; sourceTree = "<group>"; };
		518C8F9921D8049300005610 /* testmpltree.h */ = {isa = PBXFileReference; lastKnownFileType = sourcecode.c.h; path = testmpltree.h; sourceTree = "<group>"; };
		518C8F9A21D8049300005610 /* testmpltree.c */ = {isa = PBXFileReference; lastKnownFileType = sourcecode.c.c; path = testmpltree.c; sourceTree = "<group>"; };
		51A6B7F921D8ED610086CE68 /* mpl_taxoninfo.h */ = {isa = PBXFileReference; lastKnownFileType = sourcecode.c.h; path = mpl_taxoninfo.h; sourceTree = "<group>"; };
		51A6B7FA21D8ED610086CE68 /* mpl_taxoninfo.c */ = {isa = PBXFileReference; lastKnownFileType = sourcecode.c.c; path = mpl_taxoninfo.c; sourceTree = "<group>"; };
		51A6B7FC21D8EEBF0086CE68 /* mpl_taxblock.h */ = {isa = PBXFileReference; lastKnownFileType = sourcecode.c.h; path = mpl_taxblock.h; sourceTree = "<group>"; };
		51A6B7FD21D8EEBF0086CE68 /* mpl_taxblock.c */ = {isa = PBXFileReference; lastKnownFileType = sourcecode.c.c; path = mpl_taxblock.c; sourceTree = "<group>"; };
		51A6B80021D8F6D50086CE68 /* mpl_results.h */ = {isa = PBXFileReference; lastKnownFileType = sourcecode.c.h; path = mpl_results.h; sourceTree = "<group>"; };
		51A6B80121D8F6D50086CE68 /* mpl_results.c */ = {isa = PBXFileReference; lastKnownFileType = sourcecode.c.c; path = mpl_results.c; sourceTree = "<group>"; };
		51A6B80421D900110086CE68 /* mpl_search.h */ = {isa = PBXFileReference; lastKnownFileType = sourcecode.c.h; path = mpl_search.h; sourceTree = "<group>"; };
		51A6B80521D900110086CE68 /* mpl_search.c */ = {isa = PBXFileReference; lastKnownFileType = sourcecode.c.c; path = mpl_search.c; sourceTree = "<group>"; };
		51A6B80B21D90BDD0086CE68 /* Morphy GUI.app */ = {isa = PBXFileReference; explicitFileType = wrapper.application; includeInIndex = 0; path = "Morphy GUI.app"; sourceTree = BUILT_PRODUCTS_DIR; };
		51A6B80D21D90BDD0086CE68 /* AppDelegate.swift */ = {isa = PBXFileReference; lastKnownFileType = sourcecode.swift; path = AppDelegate.swift; sourceTree = "<group>"; };
		51A6B80F21D90BDD0086CE68 /* ViewController.swift */ = {isa = PBXFileReference; lastKnownFileType = sourcecode.swift; path = ViewController.swift; sourceTree = "<group>"; };
		51A6B81121D90BDF0086CE68 /* Assets.xcassets */ = {isa = PBXFileReference; lastKnownFileType = folder.assetcatalog; path = Assets.xcassets; sourceTree = "<group>"; };
		51A6B81421D90BDF0086CE68 /* Base */ = {isa = PBXFileReference; lastKnownFileType = file.storyboard; name = Base; path = Base.lproj/Main.storyboard; sourceTree = "<group>"; };
		51A6B81621D90BDF0086CE68 /* Info.plist */ = {isa = PBXFileReference; lastKnownFileType = text.plist.xml; path = Info.plist; sourceTree = "<group>"; };
		51A6B81721D90BDF0086CE68 /* Morphy_GUI.entitlements */ = {isa = PBXFileReference; lastKnownFileType = text.plist.entitlements; path = Morphy_GUI.entitlements; sourceTree = "<group>"; };
		51A6B81C21D90BDF0086CE68 /* Morphy GUITests.xctest */ = {isa = PBXFileReference; explicitFileType = wrapper.cfbundle; includeInIndex = 0; path = "Morphy GUITests.xctest"; sourceTree = BUILT_PRODUCTS_DIR; };
		51A6B82021D90BDF0086CE68 /* Morphy_GUITests.swift */ = {isa = PBXFileReference; lastKnownFileType = sourcecode.swift; path = Morphy_GUITests.swift; sourceTree = "<group>"; };
		51A6B82221D90BDF0086CE68 /* Info.plist */ = {isa = PBXFileReference; lastKnownFileType = text.plist.xml; path = Info.plist; sourceTree = "<group>"; };
		51A6B82721D90BDF0086CE68 /* Morphy GUIUITests.xctest */ = {isa = PBXFileReference; explicitFileType = wrapper.cfbundle; includeInIndex = 0; path = "Morphy GUIUITests.xctest"; sourceTree = BUILT_PRODUCTS_DIR; };
		51A6B82B21D90BDF0086CE68 /* Morphy_GUIUITests.swift */ = {isa = PBXFileReference; lastKnownFileType = sourcecode.swift; path = Morphy_GUIUITests.swift; sourceTree = "<group>"; };
		51A6B82D21D90BDF0086CE68 /* Info.plist */ = {isa = PBXFileReference; lastKnownFileType = text.plist.xml; path = Info.plist; sourceTree = "<group>"; };
		51A6B83721D92FD50086CE68 /* Morphy GUI-Bridging-Header.h */ = {isa = PBXFileReference; lastKnownFileType = sourcecode.c.h; path = "Morphy GUI-Bridging-Header.h"; sourceTree = "<group>"; };
		51A6B83821D92FD50086CE68 /* MorphyIO.cpp */ = {isa = PBXFileReference; lastKnownFileType = sourcecode.cpp.cpp; path = MorphyIO.cpp; sourceTree = "<group>"; };
		51C5FC6521E0E227004B782F /* testmplutils.h */ = {isa = PBXFileReference; lastKnownFileType = sourcecode.c.h; path = testmplutils.h; sourceTree = "<group>"; };
		51C5FC6621E0E227004B782F /* testmplutils.c */ = {isa = PBXFileReference; lastKnownFileType = sourcecode.c.c; path = testmplutils.c; sourceTree = "<group>"; };
		51C5FC6821E103C6004B782F /* testutils.h */ = {isa = PBXFileReference; lastKnownFileType = sourcecode.c.h; path = testutils.h; sourceTree = "<group>"; };
		51C5FC6921E103C6004B782F /* testutils.c */ = {isa = PBXFileReference; lastKnownFileType = sourcecode.c.c; path = testutils.c; sourceTree = "<group>"; };
		51C5FC6B21E10E23004B782F /* mpl_defs.h */ = {isa = PBXFileReference; lastKnownFileType = sourcecode.c.h; path = mpl_defs.h; sourceTree = "<group>"; };
		51F765E021DD3B3000CB29C2 /* mpl_chardefs.h */ = {isa = PBXFileReference; lastKnownFileType = sourcecode.c.h; path = mpl_chardefs.h; sourceTree = "<group>"; };
		51F765E121DE21BF00CB29C2 /* testtaxblock.h */ = {isa = PBXFileReference; lastKnownFileType = sourcecode.c.h; path = testtaxblock.h; sourceTree = "<group>"; };
		51F765E221DE21BF00CB29C2 /* testtaxblock.c */ = {isa = PBXFileReference; lastKnownFileType = sourcecode.c.c; path = testtaxblock.c; sourceTree = "<group>"; };
		51F765E621DE42B700CB29C2 /* MorphyIO.h */ = {isa = PBXFileReference; lastKnownFileType = sourcecode.c.h; path = MorphyIO.h; sourceTree = "<group>"; };
/* End PBXFileReference section */

/* Begin PBXFrameworksBuildPhase section */
		518C8F7621D777BA00005610 /* Frameworks */ = {
			isa = PBXFrameworksBuildPhase;
			buildActionMask = 2147483647;
			files = (
			);
			runOnlyForDeploymentPostprocessing = 0;
		};
		51A6B80821D90BDD0086CE68 /* Frameworks */ = {
			isa = PBXFrameworksBuildPhase;
			buildActionMask = 2147483647;
			files = (
				516A0CEE21DA74BE00B58DB8 /* libncl.a in Frameworks */,
			);
			runOnlyForDeploymentPostprocessing = 0;
		};
		51A6B81921D90BDF0086CE68 /* Frameworks */ = {
			isa = PBXFrameworksBuildPhase;
			buildActionMask = 2147483647;
			files = (
			);
			runOnlyForDeploymentPostprocessing = 0;
		};
		51A6B82421D90BDF0086CE68 /* Frameworks */ = {
			isa = PBXFrameworksBuildPhase;
			buildActionMask = 2147483647;
			files = (
			);
			runOnlyForDeploymentPostprocessing = 0;
		};
/* End PBXFrameworksBuildPhase section */

/* Begin PBXGroup section */
		5165A14E21DA7C6400A693D6 /* Characters */ = {
			isa = PBXGroup;
			children = (
				51F765E021DD3B3000CB29C2 /* mpl_chardefs.h */,
				51430BC421E1149000663D54 /* mpl_charinfo.h */,
				51430BC521E1149000663D54 /* mpl_charinfo.c */,
				51430BC121E113DA00663D54 /* mpl_matrix.h */,
				51430BC221E113DA00663D54 /* mpl_matrix.c */,
			);
			path = Characters;
			sourceTree = "<group>";
		};
		516A0CD221DA682600B58DB8 /* src */ = {
			isa = PBXGroup;
			children = (
				518C8F8921D77BC600005610 /* mpl_utils.h */,
				518C8F8A21D77BC600005610 /* mpl_utils.c */,
				517CC83721D96840007D37C0 /* mpl_handle.h */,
				517CC83821D96840007D37C0 /* mpl_handle.c */,
				51C5FC6B21E10E23004B782F /* mpl_defs.h */,
				5165A14E21DA7C6400A693D6 /* Characters */,
				51A6B7F821D8ED150086CE68 /* Taxa */,
				518C8F8F21D788BA00005610 /* Trees */,
				51A6B80321D8FFF20086CE68 /* Search */,
				51A6B7FF21D8F6AB0086CE68 /* Results */,
			);
			path = src;
			sourceTree = "<group>";
		};
		517CC83C21DA31D1007D37C0 /* Frameworks */ = {
			isa = PBXGroup;
			children = (
				516A0CED21DA74BE00B58DB8 /* libncl.a */,
				517CC83D21DA31D2007D37C0 /* libncl.a */,
			);
			name = Frameworks;
			sourceTree = "<group>";
		};
		518C8F7021D777BA00005610 = {
			isa = PBXGroup;
			children = (
				518C8F7B21D777BA00005610 /* Morphy */,
				51A6B80C21D90BDD0086CE68 /* Morphy GUI */,
				51A6B81F21D90BDF0086CE68 /* Morphy GUITests */,
				51A6B82A21D90BDF0086CE68 /* Morphy GUIUITests */,
				518C8F7A21D777BA00005610 /* Products */,
				517CC83C21DA31D1007D37C0 /* Frameworks */,
			);
			sourceTree = "<group>";
		};
		518C8F7A21D777BA00005610 /* Products */ = {
			isa = PBXGroup;
			children = (
				518C8F7921D777BA00005610 /* Morphy */,
				51A6B80B21D90BDD0086CE68 /* Morphy GUI.app */,
				51A6B81C21D90BDF0086CE68 /* Morphy GUITests.xctest */,
				51A6B82721D90BDF0086CE68 /* Morphy GUIUITests.xctest */,
			);
			name = Products;
			sourceTree = "<group>";
		};
		518C8F7B21D777BA00005610 /* Morphy */ = {
			isa = PBXGroup;
			children = (
				516A0CD221DA682600B58DB8 /* src */,
				518C8F9021D788D700005610 /* Tests */,
			);
			path = Morphy;
			sourceTree = "<group>";
		};
		518C8F8F21D788BA00005610 /* Trees */ = {
			isa = PBXGroup;
			children = (
				518C8F8321D777EC00005610 /* mpl_node.h */,
				518C8F8421D777EC00005610 /* mpl_node.c */,
				518C8F8621D777FB00005610 /* mpl_tree.h */,
				518C8F8721D777FB00005610 /* mpl_tree.c */,
				518C8F8C21D7882D00005610 /* mpl_topol.h */,
				518C8F8D21D7882D00005610 /* mpl_topol.c */,
				5165A14F21DA7DB900A693D6 /* mpl_newick_rdr.h */,
				5165A15021DA7DB900A693D6 /* mpl_newick_rdr.c */,
			);
			path = Trees;
			sourceTree = "<group>";
		};
		518C8F9021D788D700005610 /* Tests */ = {
			isa = PBXGroup;
			children = (
				518C8F9521D7CF0900005610 /* mpltest.h */,
				516A0CCF21DA602600B58DB8 /* testio.cpp */,
				516A0CD021DA602600B58DB8 /* testio.h */,
				51C5FC6821E103C6004B782F /* testutils.h */,
				51C5FC6921E103C6004B782F /* testutils.c */,
				51C5FC6521E0E227004B782F /* testmplutils.h */,
				51C5FC6621E0E227004B782F /* testmplutils.c */,
				518C8F9621D7D1DE00005610 /* testmplnode.h */,
				518C8F9721D7D1DE00005610 /* testmplnode.c */,
				518C8F9921D8049300005610 /* testmpltree.h */,
				518C8F9A21D8049300005610 /* testmpltree.c */,
				516A0CE721DA6D3900B58DB8 /* testmpltopol.h */,
				516A0CE821DA6D3900B58DB8 /* testmpltopol.c */,
				5165A15221DA865400A693D6 /* testmplnwkreader.h */,
				5165A15321DA865400A693D6 /* testmplnwkreader.c */,
				51F765E121DE21BF00CB29C2 /* testtaxblock.h */,
				51F765E221DE21BF00CB29C2 /* testtaxblock.c */,
				518C8F7C21D777BA00005610 /* main.c */,
			);
			path = Tests;
			sourceTree = "<group>";
		};
		51A6B7F821D8ED150086CE68 /* Taxa */ = {
			isa = PBXGroup;
			children = (
				51A6B7F921D8ED610086CE68 /* mpl_taxoninfo.h */,
				51A6B7FA21D8ED610086CE68 /* mpl_taxoninfo.c */,
				51A6B7FC21D8EEBF0086CE68 /* mpl_taxblock.h */,
				51A6B7FD21D8EEBF0086CE68 /* mpl_taxblock.c */,
			);
			path = Taxa;
			sourceTree = "<group>";
		};
		51A6B7FF21D8F6AB0086CE68 /* Results */ = {
			isa = PBXGroup;
			children = (
				51A6B80021D8F6D50086CE68 /* mpl_results.h */,
				51A6B80121D8F6D50086CE68 /* mpl_results.c */,
			);
			path = Results;
			sourceTree = "<group>";
		};
		51A6B80321D8FFF20086CE68 /* Search */ = {
			isa = PBXGroup;
			children = (
				51A6B80421D900110086CE68 /* mpl_search.h */,
				51A6B80521D900110086CE68 /* mpl_search.c */,
			);
			path = Search;
			sourceTree = "<group>";
		};
		51A6B80C21D90BDD0086CE68 /* Morphy GUI */ = {
			isa = PBXGroup;
			children = (
				51A6B80D21D90BDD0086CE68 /* AppDelegate.swift */,
				51A6B80F21D90BDD0086CE68 /* ViewController.swift */,
				51A6B81121D90BDF0086CE68 /* Assets.xcassets */,
				51A6B81321D90BDF0086CE68 /* Main.storyboard */,
				51A6B81621D90BDF0086CE68 /* Info.plist */,
				51A6B81721D90BDF0086CE68 /* Morphy_GUI.entitlements */,
				51A6B83821D92FD50086CE68 /* MorphyIO.cpp */,
				51F765E621DE42B700CB29C2 /* MorphyIO.h */,
				51A6B83721D92FD50086CE68 /* Morphy GUI-Bridging-Header.h */,
			);
			path = "Morphy GUI";
			sourceTree = "<group>";
		};
		51A6B81F21D90BDF0086CE68 /* Morphy GUITests */ = {
			isa = PBXGroup;
			children = (
				51A6B82021D90BDF0086CE68 /* Morphy_GUITests.swift */,
				51A6B82221D90BDF0086CE68 /* Info.plist */,
			);
			path = "Morphy GUITests";
			sourceTree = "<group>";
		};
		51A6B82A21D90BDF0086CE68 /* Morphy GUIUITests */ = {
			isa = PBXGroup;
			children = (
				51A6B82B21D90BDF0086CE68 /* Morphy_GUIUITests.swift */,
				51A6B82D21D90BDF0086CE68 /* Info.plist */,
			);
			path = "Morphy GUIUITests";
			sourceTree = "<group>";
		};
/* End PBXGroup section */

/* Begin PBXNativeTarget section */
		518C8F7821D777BA00005610 /* Morphy */ = {
			isa = PBXNativeTarget;
			buildConfigurationList = 518C8F8021D777BA00005610 /* Build configuration list for PBXNativeTarget "Morphy" */;
			buildPhases = (
				518C8F7521D777BA00005610 /* Sources */,
				518C8F7621D777BA00005610 /* Frameworks */,
				518C8F7721D777BA00005610 /* CopyFiles */,
			);
			buildRules = (
			);
			dependencies = (
			);
			name = Morphy;
			productName = Morphy;
			productReference = 518C8F7921D777BA00005610 /* Morphy */;
			productType = "com.apple.product-type.tool";
		};
		51A6B80A21D90BDD0086CE68 /* Morphy GUI */ = {
			isa = PBXNativeTarget;
			buildConfigurationList = 51A6B82E21D90BDF0086CE68 /* Build configuration list for PBXNativeTarget "Morphy GUI" */;
			buildPhases = (
				51A6B80721D90BDD0086CE68 /* Sources */,
				51A6B80821D90BDD0086CE68 /* Frameworks */,
				51A6B80921D90BDD0086CE68 /* Resources */,
			);
			buildRules = (
			);
			dependencies = (
			);
			name = "Morphy GUI";
			productName = "Morphy GUI";
			productReference = 51A6B80B21D90BDD0086CE68 /* Morphy GUI.app */;
			productType = "com.apple.product-type.application";
		};
		51A6B81B21D90BDF0086CE68 /* Morphy GUITests */ = {
			isa = PBXNativeTarget;
			buildConfigurationList = 51A6B83121D90BDF0086CE68 /* Build configuration list for PBXNativeTarget "Morphy GUITests" */;
			buildPhases = (
				51A6B81821D90BDF0086CE68 /* Sources */,
				51A6B81921D90BDF0086CE68 /* Frameworks */,
				51A6B81A21D90BDF0086CE68 /* Resources */,
			);
			buildRules = (
			);
			dependencies = (
				51A6B81E21D90BDF0086CE68 /* PBXTargetDependency */,
			);
			name = "Morphy GUITests";
			productName = "Morphy GUITests";
			productReference = 51A6B81C21D90BDF0086CE68 /* Morphy GUITests.xctest */;
			productType = "com.apple.product-type.bundle.unit-test";
		};
		51A6B82621D90BDF0086CE68 /* Morphy GUIUITests */ = {
			isa = PBXNativeTarget;
			buildConfigurationList = 51A6B83421D90BDF0086CE68 /* Build configuration list for PBXNativeTarget "Morphy GUIUITests" */;
			buildPhases = (
				51A6B82321D90BDF0086CE68 /* Sources */,
				51A6B82421D90BDF0086CE68 /* Frameworks */,
				51A6B82521D90BDF0086CE68 /* Resources */,
			);
			buildRules = (
			);
			dependencies = (
				51A6B82921D90BDF0086CE68 /* PBXTargetDependency */,
			);
			name = "Morphy GUIUITests";
			productName = "Morphy GUIUITests";
			productReference = 51A6B82721D90BDF0086CE68 /* Morphy GUIUITests.xctest */;
			productType = "com.apple.product-type.bundle.ui-testing";
		};
/* End PBXNativeTarget section */

/* Begin PBXProject section */
		518C8F7121D777BA00005610 /* Project object */ = {
			isa = PBXProject;
			attributes = {
				LastSwiftUpdateCheck = 1010;
				LastUpgradeCheck = 1010;
				ORGANIZATIONNAME = "Martin Brazeau";
				TargetAttributes = {
					518C8F7821D777BA00005610 = {
						CreatedOnToolsVersion = 10.1;
					};
					51A6B80A21D90BDD0086CE68 = {
						CreatedOnToolsVersion = 10.1;
						LastSwiftMigration = 1010;
					};
					51A6B81B21D90BDF0086CE68 = {
						CreatedOnToolsVersion = 10.1;
						TestTargetID = 51A6B80A21D90BDD0086CE68;
					};
					51A6B82621D90BDF0086CE68 = {
						CreatedOnToolsVersion = 10.1;
						TestTargetID = 51A6B80A21D90BDD0086CE68;
					};
				};
			};
			buildConfigurationList = 518C8F7421D777BA00005610 /* Build configuration list for PBXProject "Morphy" */;
			compatibilityVersion = "Xcode 9.3";
			developmentRegion = en;
			hasScannedForEncodings = 0;
			knownRegions = (
				en,
				Base,
			);
			mainGroup = 518C8F7021D777BA00005610;
			productRefGroup = 518C8F7A21D777BA00005610 /* Products */;
			projectDirPath = "";
			projectRoot = "";
			targets = (
				518C8F7821D777BA00005610 /* Morphy */,
				51A6B80A21D90BDD0086CE68 /* Morphy GUI */,
				51A6B81B21D90BDF0086CE68 /* Morphy GUITests */,
				51A6B82621D90BDF0086CE68 /* Morphy GUIUITests */,
			);
		};
/* End PBXProject section */

/* Begin PBXResourcesBuildPhase section */
		51A6B80921D90BDD0086CE68 /* Resources */ = {
			isa = PBXResourcesBuildPhase;
			buildActionMask = 2147483647;
			files = (
				51A6B81221D90BDF0086CE68 /* Assets.xcassets in Resources */,
				51A6B81521D90BDF0086CE68 /* Main.storyboard in Resources */,
			);
			runOnlyForDeploymentPostprocessing = 0;
		};
		51A6B81A21D90BDF0086CE68 /* Resources */ = {
			isa = PBXResourcesBuildPhase;
			buildActionMask = 2147483647;
			files = (
			);
			runOnlyForDeploymentPostprocessing = 0;
		};
		51A6B82521D90BDF0086CE68 /* Resources */ = {
			isa = PBXResourcesBuildPhase;
			buildActionMask = 2147483647;
			files = (
			);
			runOnlyForDeploymentPostprocessing = 0;
		};
/* End PBXResourcesBuildPhase section */

/* Begin PBXSourcesBuildPhase section */
		518C8F7521D777BA00005610 /* Sources */ = {
			isa = PBXSourcesBuildPhase;
			buildActionMask = 2147483647;
			files = (
				51F765E421DE23EF00CB29C2 /* testio.cpp in Sources */,
				51A6B7FB21D8ED610086CE68 /* mpl_taxoninfo.c in Sources */,
				518C8F7D21D777BA00005610 /* main.c in Sources */,
				517CC83921D96840007D37C0 /* mpl_handle.c in Sources */,
				51F765E321DE21BF00CB29C2 /* testtaxblock.c in Sources */,
				51C5FC6A21E103C6004B782F /* testutils.c in Sources */,
				518C8F8B21D77BC600005610 /* mpl_utils.c in Sources */,
				516A0CE921DA6D3900B58DB8 /* testmpltopol.c in Sources */,
				51C5FC6721E0E227004B782F /* testmplutils.c in Sources */,
				518C8F9821D7D1DE00005610 /* testmplnode.c in Sources */,
				51A6B80221D8F6D50086CE68 /* mpl_results.c in Sources */,
				518C8F8521D777EC00005610 /* mpl_node.c in Sources */,
				518C8F8821D777FB00005610 /* mpl_tree.c in Sources */,
				51A6B7FE21D8EEBF0086CE68 /* mpl_taxblock.c in Sources */,
				518C8F8E21D7882D00005610 /* mpl_topol.c in Sources */,
				518C8F9B21D8049300005610 /* testmpltree.c in Sources */,
				51A6B80621D900110086CE68 /* mpl_search.c in Sources */,
				5165A15121DA7DB900A693D6 /* mpl_newick_rdr.c in Sources */,
				5165A15421DA865400A693D6 /* testmplnwkreader.c in Sources */,
				51430BC321E113DA00663D54 /* mpl_matrix.c in Sources */,
				51430BC621E1149000663D54 /* mpl_charinfo.c in Sources */,
			);
			runOnlyForDeploymentPostprocessing = 0;
		};
		51A6B80721D90BDD0086CE68 /* Sources */ = {
			isa = PBXSourcesBuildPhase;
			buildActionMask = 2147483647;
			files = (
				51F765E521DE422D00CB29C2 /* MorphyIO.cpp in Sources */,
				51A6B81021D90BDD0086CE68 /* ViewController.swift in Sources */,
				51A6B80E21D90BDD0086CE68 /* AppDelegate.swift in Sources */,
			);
			runOnlyForDeploymentPostprocessing = 0;
		};
		51A6B81821D90BDF0086CE68 /* Sources */ = {
			isa = PBXSourcesBuildPhase;
			buildActionMask = 2147483647;
			files = (
				51A6B82121D90BDF0086CE68 /* Morphy_GUITests.swift in Sources */,
			);
			runOnlyForDeploymentPostprocessing = 0;
		};
		51A6B82321D90BDF0086CE68 /* Sources */ = {
			isa = PBXSourcesBuildPhase;
			buildActionMask = 2147483647;
			files = (
				51A6B82C21D90BDF0086CE68 /* Morphy_GUIUITests.swift in Sources */,
			);
			runOnlyForDeploymentPostprocessing = 0;
		};
/* End PBXSourcesBuildPhase section */

/* Begin PBXTargetDependency section */
		51A6B81E21D90BDF0086CE68 /* PBXTargetDependency */ = {
			isa = PBXTargetDependency;
			target = 51A6B80A21D90BDD0086CE68 /* Morphy GUI */;
			targetProxy = 51A6B81D21D90BDF0086CE68 /* PBXContainerItemProxy */;
		};
		51A6B82921D90BDF0086CE68 /* PBXTargetDependency */ = {
			isa = PBXTargetDependency;
			target = 51A6B80A21D90BDD0086CE68 /* Morphy GUI */;
			targetProxy = 51A6B82821D90BDF0086CE68 /* PBXContainerItemProxy */;
		};
/* End PBXTargetDependency section */

/* Begin PBXVariantGroup section */
		51A6B81321D90BDF0086CE68 /* Main.storyboard */ = {
			isa = PBXVariantGroup;
			children = (
				51A6B81421D90BDF0086CE68 /* Base */,
			);
			name = Main.storyboard;
			sourceTree = "<group>";
		};
/* End PBXVariantGroup section */

/* Begin XCBuildConfiguration section */
		518C8F7E21D777BA00005610 /* Debug */ = {
			isa = XCBuildConfiguration;
			buildSettings = {
				ALWAYS_SEARCH_USER_PATHS = NO;
				CLANG_ANALYZER_NONNULL = YES;
				CLANG_ANALYZER_NUMBER_OBJECT_CONVERSION = YES_AGGRESSIVE;
				CLANG_CXX_LANGUAGE_STANDARD = "gnu++14";
				CLANG_CXX_LIBRARY = "libc++";
				CLANG_ENABLE_MODULES = YES;
				CLANG_ENABLE_OBJC_ARC = YES;
				CLANG_ENABLE_OBJC_WEAK = YES;
				CLANG_WARN_BLOCK_CAPTURE_AUTORELEASING = YES;
				CLANG_WARN_BOOL_CONVERSION = YES;
				CLANG_WARN_COMMA = YES;
				CLANG_WARN_CONSTANT_CONVERSION = YES;
				CLANG_WARN_DEPRECATED_OBJC_IMPLEMENTATIONS = YES;
				CLANG_WARN_DIRECT_OBJC_ISA_USAGE = YES_ERROR;
				CLANG_WARN_DOCUMENTATION_COMMENTS = YES;
				CLANG_WARN_EMPTY_BODY = YES;
				CLANG_WARN_ENUM_CONVERSION = YES;
				CLANG_WARN_INFINITE_RECURSION = YES;
				CLANG_WARN_INT_CONVERSION = YES;
				CLANG_WARN_NON_LITERAL_NULL_CONVERSION = YES;
				CLANG_WARN_OBJC_IMPLICIT_RETAIN_SELF = YES;
				CLANG_WARN_OBJC_LITERAL_CONVERSION = YES;
				CLANG_WARN_OBJC_ROOT_CLASS = YES_ERROR;
				CLANG_WARN_RANGE_LOOP_ANALYSIS = YES;
				CLANG_WARN_STRICT_PROTOTYPES = YES;
				CLANG_WARN_SUSPICIOUS_MOVE = YES;
				CLANG_WARN_UNGUARDED_AVAILABILITY = YES_AGGRESSIVE;
				CLANG_WARN_UNREACHABLE_CODE = YES;
				CLANG_WARN__DUPLICATE_METHOD_MATCH = YES;
				CODE_SIGN_IDENTITY = "-";
				COPY_PHASE_STRIP = NO;
				DEBUG_INFORMATION_FORMAT = dwarf;
				ENABLE_STRICT_OBJC_MSGSEND = YES;
				ENABLE_TESTABILITY = YES;
				GCC_C_LANGUAGE_STANDARD = gnu11;
				GCC_DYNAMIC_NO_PIC = NO;
				GCC_NO_COMMON_BLOCKS = YES;
				GCC_OPTIMIZATION_LEVEL = 0;
				GCC_PREPROCESSOR_DEFINITIONS = (
					"DEBUG=1",
					"$(inherited)",
				);
				GCC_WARN_64_TO_32_BIT_CONVERSION = YES;
				GCC_WARN_ABOUT_RETURN_TYPE = YES_ERROR;
				GCC_WARN_UNDECLARED_SELECTOR = YES;
				GCC_WARN_UNINITIALIZED_AUTOS = YES_AGGRESSIVE;
				GCC_WARN_UNUSED_FUNCTION = YES;
				GCC_WARN_UNUSED_VARIABLE = YES;
				MACOSX_DEPLOYMENT_TARGET = 10.14;
				MTL_ENABLE_DEBUG_INFO = INCLUDE_SOURCE;
				MTL_FAST_MATH = YES;
				ONLY_ACTIVE_ARCH = YES;
				SDKROOT = macosx;
			};
			name = Debug;
		};
		518C8F7F21D777BA00005610 /* Release */ = {
			isa = XCBuildConfiguration;
			buildSettings = {
				ALWAYS_SEARCH_USER_PATHS = NO;
				CLANG_ANALYZER_NONNULL = YES;
				CLANG_ANALYZER_NUMBER_OBJECT_CONVERSION = YES_AGGRESSIVE;
				CLANG_CXX_LANGUAGE_STANDARD = "gnu++14";
				CLANG_CXX_LIBRARY = "libc++";
				CLANG_ENABLE_MODULES = YES;
				CLANG_ENABLE_OBJC_ARC = YES;
				CLANG_ENABLE_OBJC_WEAK = YES;
				CLANG_WARN_BLOCK_CAPTURE_AUTORELEASING = YES;
				CLANG_WARN_BOOL_CONVERSION = YES;
				CLANG_WARN_COMMA = YES;
				CLANG_WARN_CONSTANT_CONVERSION = YES;
				CLANG_WARN_DEPRECATED_OBJC_IMPLEMENTATIONS = YES;
				CLANG_WARN_DIRECT_OBJC_ISA_USAGE = YES_ERROR;
				CLANG_WARN_DOCUMENTATION_COMMENTS = YES;
				CLANG_WARN_EMPTY_BODY = YES;
				CLANG_WARN_ENUM_CONVERSION = YES;
				CLANG_WARN_INFINITE_RECURSION = YES;
				CLANG_WARN_INT_CONVERSION = YES;
				CLANG_WARN_NON_LITERAL_NULL_CONVERSION = YES;
				CLANG_WARN_OBJC_IMPLICIT_RETAIN_SELF = YES;
				CLANG_WARN_OBJC_LITERAL_CONVERSION = YES;
				CLANG_WARN_OBJC_ROOT_CLASS = YES_ERROR;
				CLANG_WARN_RANGE_LOOP_ANALYSIS = YES;
				CLANG_WARN_STRICT_PROTOTYPES = YES;
				CLANG_WARN_SUSPICIOUS_MOVE = YES;
				CLANG_WARN_UNGUARDED_AVAILABILITY = YES_AGGRESSIVE;
				CLANG_WARN_UNREACHABLE_CODE = YES;
				CLANG_WARN__DUPLICATE_METHOD_MATCH = YES;
				CODE_SIGN_IDENTITY = "-";
				COPY_PHASE_STRIP = NO;
				DEBUG_INFORMATION_FORMAT = "dwarf-with-dsym";
				ENABLE_NS_ASSERTIONS = NO;
				ENABLE_STRICT_OBJC_MSGSEND = YES;
				GCC_C_LANGUAGE_STANDARD = gnu11;
				GCC_NO_COMMON_BLOCKS = YES;
				GCC_WARN_64_TO_32_BIT_CONVERSION = YES;
				GCC_WARN_ABOUT_RETURN_TYPE = YES_ERROR;
				GCC_WARN_UNDECLARED_SELECTOR = YES;
				GCC_WARN_UNINITIALIZED_AUTOS = YES_AGGRESSIVE;
				GCC_WARN_UNUSED_FUNCTION = YES;
				GCC_WARN_UNUSED_VARIABLE = YES;
				MACOSX_DEPLOYMENT_TARGET = 10.14;
				MTL_ENABLE_DEBUG_INFO = NO;
				MTL_FAST_MATH = YES;
				SDKROOT = macosx;
			};
			name = Release;
		};
		518C8F8121D777BA00005610 /* Debug */ = {
			isa = XCBuildConfiguration;
			buildSettings = {
				CODE_SIGN_STYLE = Automatic;
				HEADER_SEARCH_PATHS = (
					/usr/local/include/,
					/usr/local/include/ncl/,
				);
				LIBRARY_SEARCH_PATHS = /usr/local/lib/ncl/;
				OTHER_LDFLAGS = /usr/local/lib/ncl/libncl.a;
				PRODUCT_NAME = "$(TARGET_NAME)";
			};
			name = Debug;
		};
		518C8F8221D777BA00005610 /* Release */ = {
			isa = XCBuildConfiguration;
			buildSettings = {
				CODE_SIGN_STYLE = Automatic;
				HEADER_SEARCH_PATHS = (
					/usr/local/include/,
					/usr/local/include/ncl/,
				);
				LIBRARY_SEARCH_PATHS = /usr/local/lib/ncl/;
				OTHER_LDFLAGS = /usr/local/lib/ncl/libncl.a;
				PRODUCT_NAME = "$(TARGET_NAME)";
			};
			name = Release;
		};
		51A6B82F21D90BDF0086CE68 /* Debug */ = {
			isa = XCBuildConfiguration;
			buildSettings = {
				ASSETCATALOG_COMPILER_APPICON_NAME = AppIcon;
				CLANG_ENABLE_MODULES = YES;
				CODE_SIGN_ENTITLEMENTS = "Morphy GUI/Morphy_GUI.entitlements";
				CODE_SIGN_STYLE = Automatic;
				COMBINE_HIDPI_IMAGES = YES;
				HEADER_SEARCH_PATHS = (
					/usr/local/include/,
					/usr/local/include/ncl,
				);
				INFOPLIST_FILE = "Morphy GUI/Info.plist";
				LD_RUNPATH_SEARCH_PATHS = (
					"$(inherited)",
					"@executable_path/../Frameworks",
				);
				LIBRARY_SEARCH_PATHS = (
					/usr/local/lib/ncl/,
					/usr/local/lib/ncl,
				);
				OTHER_LDFLAGS = /usr/local/lib/ncl/libncl.a;
				PRODUCT_BUNDLE_IDENTIFIER = "brazeaulab.Morphy-GUI";
				PRODUCT_NAME = "$(TARGET_NAME)";
				SWIFT_ACTIVE_COMPILATION_CONDITIONS = DEBUG;
				SWIFT_OBJC_BRIDGING_HEADER = "Morphy GUI/Morphy GUI-Bridging-Header.h";
				SWIFT_OPTIMIZATION_LEVEL = "-Onone";
				SWIFT_VERSION = 4.2;
				SYSTEM_HEADER_SEARCH_PATHS = (
					/usr/local/include/,
					/usr/local/include/ncl/,
				);
			};
			name = Debug;
		};
		51A6B83021D90BDF0086CE68 /* Release */ = {
			isa = XCBuildConfiguration;
			buildSettings = {
				ASSETCATALOG_COMPILER_APPICON_NAME = AppIcon;
				CLANG_ENABLE_MODULES = YES;
				CODE_SIGN_ENTITLEMENTS = "Morphy GUI/Morphy_GUI.entitlements";
				CODE_SIGN_STYLE = Automatic;
				COMBINE_HIDPI_IMAGES = YES;
				HEADER_SEARCH_PATHS = (
					/usr/local/include/,
					/usr/local/include/ncl,
				);
				INFOPLIST_FILE = "Morphy GUI/Info.plist";
				LD_RUNPATH_SEARCH_PATHS = (
					"$(inherited)",
					"@executable_path/../Frameworks",
				);
				LIBRARY_SEARCH_PATHS = (
					/usr/local/lib/ncl/,
					/usr/local/lib/ncl,
				);
				OTHER_LDFLAGS = /usr/local/lib/ncl/libncl.a;
				PRODUCT_BUNDLE_IDENTIFIER = "brazeaulab.Morphy-GUI";
				PRODUCT_NAME = "$(TARGET_NAME)";
				SWIFT_COMPILATION_MODE = wholemodule;
				SWIFT_OBJC_BRIDGING_HEADER = "Morphy GUI/Morphy GUI-Bridging-Header.h";
				SWIFT_OPTIMIZATION_LEVEL = "-O";
				SWIFT_VERSION = 4.2;
				SYSTEM_HEADER_SEARCH_PATHS = (
					/usr/local/include/,
					/usr/local/include/ncl/,
				);
			};
			name = Release;
		};
		51A6B83221D90BDF0086CE68 /* Debug */ = {
			isa = XCBuildConfiguration;
			buildSettings = {
				ALWAYS_EMBED_SWIFT_STANDARD_LIBRARIES = YES;
				BUNDLE_LOADER = "$(TEST_HOST)";
				CODE_SIGN_STYLE = Automatic;
				COMBINE_HIDPI_IMAGES = YES;
				INFOPLIST_FILE = "Morphy GUITests/Info.plist";
				LD_RUNPATH_SEARCH_PATHS = (
					"$(inherited)",
					"@executable_path/../Frameworks",
					"@loader_path/../Frameworks",
				);
				PRODUCT_BUNDLE_IDENTIFIER = "brazeaulab.Morphy-GUITests";
				PRODUCT_NAME = "$(TARGET_NAME)";
				SWIFT_ACTIVE_COMPILATION_CONDITIONS = DEBUG;
				SWIFT_OPTIMIZATION_LEVEL = "-Onone";
				SWIFT_VERSION = 4.2;
				TEST_HOST = "$(BUILT_PRODUCTS_DIR)/Morphy GUI.app/Contents/MacOS/Morphy GUI";
			};
			name = Debug;
		};
		51A6B83321D90BDF0086CE68 /* Release */ = {
			isa = XCBuildConfiguration;
			buildSettings = {
				ALWAYS_EMBED_SWIFT_STANDARD_LIBRARIES = YES;
				BUNDLE_LOADER = "$(TEST_HOST)";
				CODE_SIGN_STYLE = Automatic;
				COMBINE_HIDPI_IMAGES = YES;
				INFOPLIST_FILE = "Morphy GUITests/Info.plist";
				LD_RUNPATH_SEARCH_PATHS = (
					"$(inherited)",
					"@executable_path/../Frameworks",
					"@loader_path/../Frameworks",
				);
				PRODUCT_BUNDLE_IDENTIFIER = "brazeaulab.Morphy-GUITests";
				PRODUCT_NAME = "$(TARGET_NAME)";
				SWIFT_COMPILATION_MODE = wholemodule;
				SWIFT_OPTIMIZATION_LEVEL = "-O";
				SWIFT_VERSION = 4.2;
				TEST_HOST = "$(BUILT_PRODUCTS_DIR)/Morphy GUI.app/Contents/MacOS/Morphy GUI";
			};
			name = Release;
		};
		51A6B83521D90BDF0086CE68 /* Debug */ = {
			isa = XCBuildConfiguration;
			buildSettings = {
				ALWAYS_EMBED_SWIFT_STANDARD_LIBRARIES = YES;
				CODE_SIGN_STYLE = Automatic;
				COMBINE_HIDPI_IMAGES = YES;
				INFOPLIST_FILE = "Morphy GUIUITests/Info.plist";
				LD_RUNPATH_SEARCH_PATHS = (
					"$(inherited)",
					"@executable_path/../Frameworks",
					"@loader_path/../Frameworks",
				);
				PRODUCT_BUNDLE_IDENTIFIER = "brazeaulab.Morphy-GUIUITests";
				PRODUCT_NAME = "$(TARGET_NAME)";
				SWIFT_ACTIVE_COMPILATION_CONDITIONS = DEBUG;
				SWIFT_OPTIMIZATION_LEVEL = "-Onone";
				SWIFT_VERSION = 4.2;
				TEST_TARGET_NAME = "Morphy GUI";
			};
			name = Debug;
		};
		51A6B83621D90BDF0086CE68 /* Release */ = {
			isa = XCBuildConfiguration;
			buildSettings = {
				ALWAYS_EMBED_SWIFT_STANDARD_LIBRARIES = YES;
				CODE_SIGN_STYLE = Automatic;
				COMBINE_HIDPI_IMAGES = YES;
				INFOPLIST_FILE = "Morphy GUIUITests/Info.plist";
				LD_RUNPATH_SEARCH_PATHS = (
					"$(inherited)",
					"@executable_path/../Frameworks",
					"@loader_path/../Frameworks",
				);
				PRODUCT_BUNDLE_IDENTIFIER = "brazeaulab.Morphy-GUIUITests";
				PRODUCT_NAME = "$(TARGET_NAME)";
				SWIFT_COMPILATION_MODE = wholemodule;
				SWIFT_OPTIMIZATION_LEVEL = "-O";
				SWIFT_VERSION = 4.2;
				TEST_TARGET_NAME = "Morphy GUI";
			};
			name = Release;
		};
/* End XCBuildConfiguration section */

/* Begin XCConfigurationList section */
		518C8F7421D777BA00005610 /* Build configuration list for PBXProject "Morphy" */ = {
			isa = XCConfigurationList;
			buildConfigurations = (
				518C8F7E21D777BA00005610 /* Debug */,
				518C8F7F21D777BA00005610 /* Release */,
			);
			defaultConfigurationIsVisible = 0;
			defaultConfigurationName = Release;
		};
		518C8F8021D777BA00005610 /* Build configuration list for PBXNativeTarget "Morphy" */ = {
			isa = XCConfigurationList;
			buildConfigurations = (
				518C8F8121D777BA00005610 /* Debug */,
				518C8F8221D777BA00005610 /* Release */,
			);
			defaultConfigurationIsVisible = 0;
			defaultConfigurationName = Release;
		};
		51A6B82E21D90BDF0086CE68 /* Build configuration list for PBXNativeTarget "Morphy GUI" */ = {
			isa = XCConfigurationList;
			buildConfigurations = (
				51A6B82F21D90BDF0086CE68 /* Debug */,
				51A6B83021D90BDF0086CE68 /* Release */,
			);
			defaultConfigurationIsVisible = 0;
			defaultConfigurationName = Release;
		};
		51A6B83121D90BDF0086CE68 /* Build configuration list for PBXNativeTarget "Morphy GUITests" */ = {
			isa = XCConfigurationList;
			buildConfigurations = (
				51A6B83221D90BDF0086CE68 /* Debug */,
				51A6B83321D90BDF0086CE68 /* Release */,
			);
			defaultConfigurationIsVisible = 0;
			defaultConfigurationName = Release;
		};
		51A6B83421D90BDF0086CE68 /* Build configuration list for PBXNativeTarget "Morphy GUIUITests" */ = {
			isa = XCConfigurationList;
			buildConfigurations = (
				51A6B83521D90BDF0086CE68 /* Debug */,
				51A6B83621D90BDF0086CE68 /* Release */,
			);
			defaultConfigurationIsVisible = 0;
			defaultConfigurationName = Release;
		};
/* End XCConfigurationList section */
	};
	rootObject = 518C8F7121D777BA00005610 /* Project object */;
}
